
Microsoft Visual Studio Solution File, Format Version 12.00
# Visual Studio Version 16
VisualStudioVersion = 16.0.30804.86
MinimumVisualStudioVersion = 10.0.40219.1
Project("{FAE04EC0-301F-11D3-BF4B-00C04F79EFBC}") = "IJunior_Test_1", "IJunior_Test_1.csproj", "{30F9E3B0-9BBB-4895-81DB-247C116CED21}"
EndProject
Global
	GlobalSection(SolutionConfigurationPlatforms) = preSolution
		Debug|Any CPU = Debug|Any CPU
		Release|Any CPU = Release|Any CPU
	EndGlobalSection
	GlobalSection(ProjectConfigurationPlatforms) = postSolution
		{30F9E3B0-9BBB-4895-81DB-247C116CED21}.Debug|Any CPU.ActiveCfg = Debug|Any CPU
		{30F9E3B0-9BBB-4895-81DB-247C116CED21}.Debug|Any CPU.Build.0 = Debug|Any CPU
		{30F9E3B0-9BBB-4895-81DB-247C116CED21}.Release|Any CPU.ActiveCfg = Release|Any CPU
		{30F9E3B0-9BBB-4895-81DB-247C116CED21}.Release|Any CPU.Build.0 = Release|Any CPU
	EndGlobalSection
	GlobalSection(SolutionProperties) = preSolution
		HideSolutionNode = FALSE
	EndGlobalSection
	GlobalSection(ExtensibilityGlobals) = postSolution
		SolutionGuid = {BFA46524-468F-45F2-8F09-6794DE50B563}
	EndGlobalSection
EndGlobal
